
Microsoft Visual Studio Solution File, Format Version 12.00
# Visual Studio Version 16
VisualStudioVersion = 16.0.31702.278
MinimumVisualStudioVersion = 10.0.40219.1
Project("{FAE04EC0-301F-11D3-BF4B-00C04F79EFBC}") = "Parte1_Exerc_02_03", "Parte1_Exerc_02_03\Parte1_Exerc_02_03.csproj", "{B81BA429-1232-459A-BA6E-B290F8B83038}"
EndProject
Global
	GlobalSection(SolutionConfigurationPlatforms) = preSolution
		Debug|Any CPU = Debug|Any CPU
		Release|Any CPU = Release|Any CPU
	EndGlobalSection
	GlobalSection(ProjectConfigurationPlatforms) = postSolution
		{B81BA429-1232-459A-BA6E-B290F8B83038}.Debug|Any CPU.ActiveCfg = Debug|Any CPU
		{B81BA429-1232-459A-BA6E-B290F8B83038}.Debug|Any CPU.Build.0 = Debug|Any CPU
		{B81BA429-1232-459A-BA6E-B290F8B83038}.Release|Any CPU.ActiveCfg = Release|Any CPU
		{B81BA429-1232-459A-BA6E-B290F8B83038}.Release|Any CPU.Build.0 = Release|Any CPU
	EndGlobalSection
	GlobalSection(SolutionProperties) = preSolution
		HideSolutionNode = FALSE
	EndGlobalSection
	GlobalSection(ExtensibilityGlobals) = postSolution
		SolutionGuid = {DDF4A0BB-FCF6-475F-A6B5-CC2FAD2659AE}
	EndGlobalSection
EndGlobal
