
Microsoft Visual Studio Solution File, Format Version 12.00
# Visual Studio Version 16
VisualStudioVersion = 16.0.31702.278
MinimumVisualStudioVersion = 10.0.40219.1
Project("{FAE04EC0-301F-11D3-BF4B-00C04F79EFBC}") = "Secao4_Exerc_01_02", "Secao4_Exerc_01_02\Secao4_Exerc_01_02.csproj", "{1EFFA53C-9396-4156-BD9B-874AF6268CC1}"
EndProject
Global
	GlobalSection(SolutionConfigurationPlatforms) = preSolution
		Debug|Any CPU = Debug|Any CPU
		Release|Any CPU = Release|Any CPU
	EndGlobalSection
	GlobalSection(ProjectConfigurationPlatforms) = postSolution
		{1EFFA53C-9396-4156-BD9B-874AF6268CC1}.Debug|Any CPU.ActiveCfg = Debug|Any CPU
		{1EFFA53C-9396-4156-BD9B-874AF6268CC1}.Debug|Any CPU.Build.0 = Debug|Any CPU
		{1EFFA53C-9396-4156-BD9B-874AF6268CC1}.Release|Any CPU.ActiveCfg = Release|Any CPU
		{1EFFA53C-9396-4156-BD9B-874AF6268CC1}.Release|Any CPU.Build.0 = Release|Any CPU
	EndGlobalSection
	GlobalSection(SolutionProperties) = preSolution
		HideSolutionNode = FALSE
	EndGlobalSection
	GlobalSection(ExtensibilityGlobals) = postSolution
		SolutionGuid = {5D9AF53A-248A-4FC9-BE8B-1375A0244BD8}
	EndGlobalSection
EndGlobal
