
Microsoft Visual Studio Solution File, Format Version 12.00
# Visual Studio Version 16
VisualStudioVersion = 16.0.31702.278
MinimumVisualStudioVersion = 10.0.40219.1
Project("{FAE04EC0-301F-11D3-BF4B-00C04F79EFBC}") = "Parte1_Exerc_03_01", "Parte1_Exerc_03_01\Parte1_Exerc_03_01.csproj", "{CDA08216-4FB6-48F9-B08C-747E2B3C7B5B}"
EndProject
Global
	GlobalSection(SolutionConfigurationPlatforms) = preSolution
		Debug|Any CPU = Debug|Any CPU
		Release|Any CPU = Release|Any CPU
	EndGlobalSection
	GlobalSection(ProjectConfigurationPlatforms) = postSolution
		{CDA08216-4FB6-48F9-B08C-747E2B3C7B5B}.Debug|Any CPU.ActiveCfg = Debug|Any CPU
		{CDA08216-4FB6-48F9-B08C-747E2B3C7B5B}.Debug|Any CPU.Build.0 = Debug|Any CPU
		{CDA08216-4FB6-48F9-B08C-747E2B3C7B5B}.Release|Any CPU.ActiveCfg = Release|Any CPU
		{CDA08216-4FB6-48F9-B08C-747E2B3C7B5B}.Release|Any CPU.Build.0 = Release|Any CPU
	EndGlobalSection
	GlobalSection(SolutionProperties) = preSolution
		HideSolutionNode = FALSE
	EndGlobalSection
	GlobalSection(ExtensibilityGlobals) = postSolution
		SolutionGuid = {15511990-1AFE-417A-848C-60AE7254FC4B}
	EndGlobalSection
EndGlobal
