
Microsoft Visual Studio Solution File, Format Version 12.00
# Visual Studio Version 16
VisualStudioVersion = 16.0.31702.278
MinimumVisualStudioVersion = 10.0.40219.1
Project("{FAE04EC0-301F-11D3-BF4B-00C04F79EFBC}") = "Secao4_ExercFixacao", "Secao4_ExercFixacao\Secao4_ExercFixacao.csproj", "{07065334-B4D9-4A77-B91C-A6B1583C979B}"
EndProject
Global
	GlobalSection(SolutionConfigurationPlatforms) = preSolution
		Debug|Any CPU = Debug|Any CPU
		Release|Any CPU = Release|Any CPU
	EndGlobalSection
	GlobalSection(ProjectConfigurationPlatforms) = postSolution
		{07065334-B4D9-4A77-B91C-A6B1583C979B}.Debug|Any CPU.ActiveCfg = Debug|Any CPU
		{07065334-B4D9-4A77-B91C-A6B1583C979B}.Debug|Any CPU.Build.0 = Debug|Any CPU
		{07065334-B4D9-4A77-B91C-A6B1583C979B}.Release|Any CPU.ActiveCfg = Release|Any CPU
		{07065334-B4D9-4A77-B91C-A6B1583C979B}.Release|Any CPU.Build.0 = Release|Any CPU
	EndGlobalSection
	GlobalSection(SolutionProperties) = preSolution
		HideSolutionNode = FALSE
	EndGlobalSection
	GlobalSection(ExtensibilityGlobals) = postSolution
		SolutionGuid = {5D15EC64-44E8-4620-9560-FA4FEE105C47}
	EndGlobalSection
EndGlobal
