
Microsoft Visual Studio Solution File, Format Version 12.00
# Visual Studio Version 16
VisualStudioVersion = 16.0.31702.278
MinimumVisualStudioVersion = 10.0.40219.1
Project("{FAE04EC0-301F-11D3-BF4B-00C04F79EFBC}") = "Parte1_Exerc_04_06", "Parte1_Exerc_04_06\Parte1_Exerc_04_06.csproj", "{10064938-BAE9-4125-B776-B3BCA480E202}"
EndProject
Global
	GlobalSection(SolutionConfigurationPlatforms) = preSolution
		Debug|Any CPU = Debug|Any CPU
		Release|Any CPU = Release|Any CPU
	EndGlobalSection
	GlobalSection(ProjectConfigurationPlatforms) = postSolution
		{10064938-BAE9-4125-B776-B3BCA480E202}.Debug|Any CPU.ActiveCfg = Debug|Any CPU
		{10064938-BAE9-4125-B776-B3BCA480E202}.Debug|Any CPU.Build.0 = Debug|Any CPU
		{10064938-BAE9-4125-B776-B3BCA480E202}.Release|Any CPU.ActiveCfg = Release|Any CPU
		{10064938-BAE9-4125-B776-B3BCA480E202}.Release|Any CPU.Build.0 = Release|Any CPU
	EndGlobalSection
	GlobalSection(SolutionProperties) = preSolution
		HideSolutionNode = FALSE
	EndGlobalSection
	GlobalSection(ExtensibilityGlobals) = postSolution
		SolutionGuid = {C5EF534F-FD53-4038-82AA-5E5DE2C67855}
	EndGlobalSection
EndGlobal
