
Microsoft Visual Studio Solution File, Format Version 12.00
# Visual Studio Version 16
VisualStudioVersion = 16.0.31702.278
MinimumVisualStudioVersion = 10.0.40219.1
Project("{FAE04EC0-301F-11D3-BF4B-00C04F79EFBC}") = "Parte1_Exerc_01_06", "Parte1_Exerc_01_06\Parte1_Exerc_01_06.csproj", "{B0F6691C-1859-4970-AA79-6AEDEB377953}"
EndProject
Global
	GlobalSection(SolutionConfigurationPlatforms) = preSolution
		Debug|Any CPU = Debug|Any CPU
		Release|Any CPU = Release|Any CPU
	EndGlobalSection
	GlobalSection(ProjectConfigurationPlatforms) = postSolution
		{B0F6691C-1859-4970-AA79-6AEDEB377953}.Debug|Any CPU.ActiveCfg = Debug|Any CPU
		{B0F6691C-1859-4970-AA79-6AEDEB377953}.Debug|Any CPU.Build.0 = Debug|Any CPU
		{B0F6691C-1859-4970-AA79-6AEDEB377953}.Release|Any CPU.ActiveCfg = Release|Any CPU
		{B0F6691C-1859-4970-AA79-6AEDEB377953}.Release|Any CPU.Build.0 = Release|Any CPU
	EndGlobalSection
	GlobalSection(SolutionProperties) = preSolution
		HideSolutionNode = FALSE
	EndGlobalSection
	GlobalSection(ExtensibilityGlobals) = postSolution
		SolutionGuid = {EF64B107-5B40-48D8-A70F-205C10FE0AAF}
	EndGlobalSection
EndGlobal
